
Microsoft Visual Studio Solution File, Format Version 12.00
# Visual Studio Version 16
VisualStudioVersion = 16.0.31911.196
MinimumVisualStudioVersion = 10.0.40219.1
Project("{FAE04EC0-301F-11D3-BF4B-00C04F79EFBC}") = "CreatingPersonalizedExceptions", "CreatingPersonalizedExceptions\CreatingPersonalizedExceptions.csproj", "{035E30EC-8EA9-438F-AAD2-81B2B59FA87F}"
EndProject
Global
	GlobalSection(SolutionConfigurationPlatforms) = preSolution
		Debug|Any CPU = Debug|Any CPU
		Release|Any CPU = Release|Any CPU
	EndGlobalSection
	GlobalSection(ProjectConfigurationPlatforms) = postSolution
		{035E30EC-8EA9-438F-AAD2-81B2B59FA87F}.Debug|Any CPU.ActiveCfg = Debug|Any CPU
		{035E30EC-8EA9-438F-AAD2-81B2B59FA87F}.Debug|Any CPU.Build.0 = Debug|Any CPU
		{035E30EC-8EA9-438F-AAD2-81B2B59FA87F}.Release|Any CPU.ActiveCfg = Release|Any CPU
		{035E30EC-8EA9-438F-AAD2-81B2B59FA87F}.Release|Any CPU.Build.0 = Release|Any CPU
	EndGlobalSection
	GlobalSection(SolutionProperties) = preSolution
		HideSolutionNode = FALSE
	EndGlobalSection
	GlobalSection(ExtensibilityGlobals) = postSolution
		SolutionGuid = {677F25FC-D88F-4716-B562-0DE87994DF1F}
	EndGlobalSection
EndGlobal
